
Microsoft Visual Studio Solution File, Format Version 12.00
# Visual Studio Version 16
VisualStudioVersion = 16.0.29025.244
MinimumVisualStudioVersion = 10.0.40219.1
Project("{8BC9CEB8-8B4A-11D0-8D11-00A0C91BC942}") = "print_tuple", "print_tuple\print_tuple.vcxproj", "{833277CB-F603-4D9B-B04A-1BA1DB5AAFE7}"
EndProject
Global
	GlobalSection(SolutionConfigurationPlatforms) = preSolution
		Debug|x64 = Debug|x64
		Debug|x86 = Debug|x86
		Release|x64 = Release|x64
		Release|x86 = Release|x86
	EndGlobalSection
	GlobalSection(ProjectConfigurationPlatforms) = postSolution
		{833277CB-F603-4D9B-B04A-1BA1DB5AAFE7}.Debug|x64.ActiveCfg = Debug|x64
		{833277CB-F603-4D9B-B04A-1BA1DB5AAFE7}.Debug|x64.Build.0 = Debug|x64
		{833277CB-F603-4D9B-B04A-1BA1DB5AAFE7}.Debug|x86.ActiveCfg = Debug|Win32
		{833277CB-F603-4D9B-B04A-1BA1DB5AAFE7}.Debug|x86.Build.0 = Debug|Win32
		{833277CB-F603-4D9B-B04A-1BA1DB5AAFE7}.Release|x64.ActiveCfg = Release|x64
		{833277CB-F603-4D9B-B04A-1BA1DB5AAFE7}.Release|x64.Build.0 = Release|x64
		{833277CB-F603-4D9B-B04A-1BA1DB5AAFE7}.Release|x86.ActiveCfg = Release|Win32
		{833277CB-F603-4D9B-B04A-1BA1DB5AAFE7}.Release|x86.Build.0 = Release|Win32
	EndGlobalSection
	GlobalSection(SolutionProperties) = preSolution
		HideSolutionNode = FALSE
	EndGlobalSection
	GlobalSection(ExtensibilityGlobals) = postSolution
		SolutionGuid = {F0CFE3F1-6D00-48E5-9EC7-4B1D2050AAC2}
	EndGlobalSection
EndGlobal
